
Microsoft Visual Studio Solution File, Format Version 12.00
# Visual Studio Version 17
VisualStudioVersion = 17.11.35208.52
MinimumVisualStudioVersion = 10.0.40219.1
Project("{FAE04EC0-301F-11D3-BF4B-00C04F79EFBC}") = "Practica 2", "Practica 2\Practica 2.csproj", "{60DAF7DE-8658-4853-94BF-C7FDB16D6F85}"
EndProject
Global
	GlobalSection(SolutionConfigurationPlatforms) = preSolution
		Debug|Any CPU = Debug|Any CPU
		Release|Any CPU = Release|Any CPU
	EndGlobalSection
	GlobalSection(ProjectConfigurationPlatforms) = postSolution
		{60DAF7DE-8658-4853-94BF-C7FDB16D6F85}.Debug|Any CPU.ActiveCfg = Debug|Any CPU
		{60DAF7DE-8658-4853-94BF-C7FDB16D6F85}.Debug|Any CPU.Build.0 = Debug|Any CPU
		{60DAF7DE-8658-4853-94BF-C7FDB16D6F85}.Release|Any CPU.ActiveCfg = Release|Any CPU
		{60DAF7DE-8658-4853-94BF-C7FDB16D6F85}.Release|Any CPU.Build.0 = Release|Any CPU
	EndGlobalSection
	GlobalSection(SolutionProperties) = preSolution
		HideSolutionNode = FALSE
	EndGlobalSection
	GlobalSection(ExtensibilityGlobals) = postSolution
		SolutionGuid = {25DA9DEE-35AE-484F-B084-8401E3923A7F}
	EndGlobalSection
EndGlobal
